
Microsoft Visual Studio Solution File, Format Version 12.00
# Visual Studio Version 16
VisualStudioVersion = 16.0.30320.27
MinimumVisualStudioVersion = 10.0.40219.1
Project("{FAE04EC0-301F-11D3-BF4B-00C04F79EFBC}") = "TuinAppApi", "TuinAppApi\TuinAppApi.csproj", "{864A1E72-42E7-4031-9B8E-3E9F0222266B}"
EndProject
Global
	GlobalSection(SolutionConfigurationPlatforms) = preSolution
		Debug|Any CPU = Debug|Any CPU
		Release|Any CPU = Release|Any CPU
	EndGlobalSection
	GlobalSection(ProjectConfigurationPlatforms) = postSolution
		{864A1E72-42E7-4031-9B8E-3E9F0222266B}.Debug|Any CPU.ActiveCfg = Debug|Any CPU
		{864A1E72-42E7-4031-9B8E-3E9F0222266B}.Debug|Any CPU.Build.0 = Debug|Any CPU
		{864A1E72-42E7-4031-9B8E-3E9F0222266B}.Release|Any CPU.ActiveCfg = Release|Any CPU
		{864A1E72-42E7-4031-9B8E-3E9F0222266B}.Release|Any CPU.Build.0 = Release|Any CPU
	EndGlobalSection
	GlobalSection(SolutionProperties) = preSolution
		HideSolutionNode = FALSE
	EndGlobalSection
	GlobalSection(ExtensibilityGlobals) = postSolution
		SolutionGuid = {DD59BE71-DFF4-4200-8D93-4A7D0FA37BC4}
	EndGlobalSection
EndGlobal
